// !$*UTF8*$!
{
	archiveVersion = 1;
	classes = {
	};
	objectVersion = 46;
	objects = {

/* Begin PBXBuildFile section */
		3D2501D2CBEDDCA9A60088E0 /* Pods_PinPos_Official.framework in Frameworks */ = {isa = PBXBuildFile; fileRef = 1EBB20A110BBE1C473290B85 /* Pods_PinPos_Official.framework */; };
		CF3039981F5B561400C1B7D7 /* ChoiceView.swift in Sources */ = {isa = PBXBuildFile; fileRef = CF3039971F5B561400C1B7D7 /* ChoiceView.swift */; };
		CF50579A1F5B288D0097B4A9 /* AppDelegate.swift in Sources */ = {isa = PBXBuildFile; fileRef = CF5057991F5B288D0097B4A9 /* AppDelegate.swift */; };
		CF50579C1F5B288D0097B4A9 /* MapVC.swift in Sources */ = {isa = PBXBuildFile; fileRef = CF50579B1F5B288D0097B4A9 /* MapVC.swift */; };
		CF50579F1F5B288D0097B4A9 /* Main.storyboard in Resources */ = {isa = PBXBuildFile; fileRef = CF50579D1F5B288D0097B4A9 /* Main.storyboard */; };
		CF5057A21F5B288D0097B4A9 /* PinPos_Official.xcdatamodeld in Sources */ = {isa = PBXBuildFile; fileRef = CF5057A01F5B288D0097B4A9 /* PinPos_Official.xcdatamodeld */; };
		CF5057A41F5B288D0097B4A9 /* Assets.xcassets in Resources */ = {isa = PBXBuildFile; fileRef = CF5057A31F5B288D0097B4A9 /* Assets.xcassets */; };
		CF5057A71F5B288D0097B4A9 /* LaunchScreen.storyboard in Resources */ = {isa = PBXBuildFile; fileRef = CF5057A51F5B288D0097B4A9 /* LaunchScreen.storyboard */; };
		CF5C23531F5CB437009D629B /* CategoryTableCell.swift in Sources */ = {isa = PBXBuildFile; fileRef = CF5C23521F5CB437009D629B /* CategoryTableCell.swift */; };
		CF5C23551F5CF065009D629B /* CategoryCollectionCell.swift in Sources */ = {isa = PBXBuildFile; fileRef = CF5C23541F5CF065009D629B /* CategoryCollectionCell.swift */; };
		CFF563861F5B6F7D009376BD /* ListVC.swift in Sources */ = {isa = PBXBuildFile; fileRef = CFF563851F5B6F7D009376BD /* ListVC.swift */; };
		CFF5638A1F5B7749009376BD /* AddNewVC.swift in Sources */ = {isa = PBXBuildFile; fileRef = CFF563891F5B7749009376BD /* AddNewVC.swift */; };
		CFF5638C1F5BABD9009376BD /* Category.swift in Sources */ = {isa = PBXBuildFile; fileRef = CFF5638B1F5BABD9009376BD /* Category.swift */; };
		CFF5638E1F5BABFB009376BD /* Place.swift in Sources */ = {isa = PBXBuildFile; fileRef = CFF5638D1F5BABFB009376BD /* Place.swift */; };
/* End PBXBuildFile section */

/* Begin PBXFileReference section */
		09802EBC46AA3FCA6F5F2C17 /* Pods-PinPos-Official.debug.xcconfig */ = {isa = PBXFileReference; includeInIndex = 1; lastKnownFileType = text.xcconfig; name = "Pods-PinPos-Official.debug.xcconfig"; path = "Pods/Target Support Files/Pods-PinPos-Official/Pods-PinPos-Official.debug.xcconfig"; sourceTree = "<group>"; };
		1EBB20A110BBE1C473290B85 /* Pods_PinPos_Official.framework */ = {isa = PBXFileReference; explicitFileType = wrapper.framework; includeInIndex = 0; path = Pods_PinPos_Official.framework; sourceTree = BUILT_PRODUCTS_DIR; };
		766BADC98C7FF13AD4B6704D /* Pods-PinPos-Official.release.xcconfig */ = {isa = PBXFileReference; includeInIndex = 1; lastKnownFileType = text.xcconfig; name = "Pods-PinPos-Official.release.xcconfig"; path = "Pods/Target Support Files/Pods-PinPos-Official/Pods-PinPos-Official.release.xcconfig"; sourceTree = "<group>"; };
		CF3039971F5B561400C1B7D7 /* ChoiceView.swift */ = {isa = PBXFileReference; fileEncoding = 4; lastKnownFileType = sourcecode.swift; path = ChoiceView.swift; sourceTree = "<group>"; };
		CF5057961F5B288D0097B4A9 /* PinPos-Official.app */ = {isa = PBXFileReference; explicitFileType = wrapper.application; includeInIndex = 0; path = "PinPos-Official.app"; sourceTree = BUILT_PRODUCTS_DIR; };
		CF5057991F5B288D0097B4A9 /* AppDelegate.swift */ = {isa = PBXFileReference; lastKnownFileType = sourcecode.swift; path = AppDelegate.swift; sourceTree = "<group>"; };
		CF50579B1F5B288D0097B4A9 /* MapVC.swift */ = {isa = PBXFileReference; lastKnownFileType = sourcecode.swift; path = MapVC.swift; sourceTree = "<group>"; };
		CF50579E1F5B288D0097B4A9 /* Base */ = {isa = PBXFileReference; lastKnownFileType = file.storyboard; name = Base; path = Base.lproj/Main.storyboard; sourceTree = "<group>"; };
		CF5057A11F5B288D0097B4A9 /* PinPos_Official.xcdatamodel */ = {isa = PBXFileReference; lastKnownFileType = wrapper.xcdatamodel; path = PinPos_Official.xcdatamodel; sourceTree = "<group>"; };
		CF5057A31F5B288D0097B4A9 /* Assets.xcassets */ = {isa = PBXFileReference; lastKnownFileType = folder.assetcatalog; path = Assets.xcassets; sourceTree = "<group>"; };
		CF5057A61F5B288D0097B4A9 /* Base */ = {isa = PBXFileReference; lastKnownFileType = file.storyboard; name = Base; path = Base.lproj/LaunchScreen.storyboard; sourceTree = "<group>"; };
		CF5057A81F5B288D0097B4A9 /* Info.plist */ = {isa = PBXFileReference; lastKnownFileType = text.plist.xml; path = Info.plist; sourceTree = "<group>"; };
		CF5C23521F5CB437009D629B /* CategoryTableCell.swift */ = {isa = PBXFileReference; fileEncoding = 4; lastKnownFileType = sourcecode.swift; path = CategoryTableCell.swift; sourceTree = "<group>"; };
		CF5C23541F5CF065009D629B /* CategoryCollectionCell.swift */ = {isa = PBXFileReference; fileEncoding = 4; lastKnownFileType = sourcecode.swift; path = CategoryCollectionCell.swift; sourceTree = "<group>"; };
		CFF563851F5B6F7D009376BD /* ListVC.swift */ = {isa = PBXFileReference; fileEncoding = 4; lastKnownFileType = sourcecode.swift; path = ListVC.swift; sourceTree = "<group>"; };
		CFF563891F5B7749009376BD /* AddNewVC.swift */ = {isa = PBXFileReference; fileEncoding = 4; lastKnownFileType = sourcecode.swift; path = AddNewVC.swift; sourceTree = "<group>"; };
		CFF5638B1F5BABD9009376BD /* Category.swift */ = {isa = PBXFileReference; fileEncoding = 4; lastKnownFileType = sourcecode.swift; path = Category.swift; sourceTree = "<group>"; };
		CFF5638D1F5BABFB009376BD /* Place.swift */ = {isa = PBXFileReference; fileEncoding = 4; lastKnownFileType = sourcecode.swift; path = Place.swift; sourceTree = "<group>"; };
/* End PBXFileReference section */

/* Begin PBXFrameworksBuildPhase section */
		CF5057931F5B288D0097B4A9 /* Frameworks */ = {
			isa = PBXFrameworksBuildPhase;
			buildActionMask = 2147483647;
			files = (
				3D2501D2CBEDDCA9A60088E0 /* Pods_PinPos_Official.framework in Frameworks */,
			);
			runOnlyForDeploymentPostprocessing = 0;
		};
/* End PBXFrameworksBuildPhase section */

/* Begin PBXGroup section */
		75A544C54FD25E08B6953FBA /* Frameworks */ = {
			isa = PBXGroup;
			children = (
				1EBB20A110BBE1C473290B85 /* Pods_PinPos_Official.framework */,
			);
			name = Frameworks;
			sourceTree = "<group>";
		};
		CF3039941F5B55D600C1B7D7 /* Models */ = {
			isa = PBXGroup;
			children = (
				CFF5638B1F5BABD9009376BD /* Category.swift */,
				CFF5638D1F5BABFB009376BD /* Place.swift */,
			);
			name = Models;
			sourceTree = "<group>";
		};
		CF3039951F5B55E400C1B7D7 /* Views */ = {
			isa = PBXGroup;
			children = (
				CF5C23521F5CB437009D629B /* CategoryTableCell.swift */,
				CF3039971F5B561400C1B7D7 /* ChoiceView.swift */,
				CF5C23541F5CF065009D629B /* CategoryCollectionCell.swift */,
			);
			name = Views;
			sourceTree = "<group>";
		};
		CF3039961F5B55EF00C1B7D7 /* Controllers */ = {
			isa = PBXGroup;
			children = (
				CFF563851F5B6F7D009376BD /* ListVC.swift */,
				CF50579B1F5B288D0097B4A9 /* MapVC.swift */,
				CFF563891F5B7749009376BD /* AddNewVC.swift */,
			);
			name = Controllers;
			sourceTree = "<group>";
		};
		CF50578D1F5B288D0097B4A9 = {
			isa = PBXGroup;
			children = (
				CF5057981F5B288D0097B4A9 /* PinPos-Official */,
				CF5057971F5B288D0097B4A9 /* Products */,
				D27F0E2142287F821FC53758 /* Pods */,
				75A544C54FD25E08B6953FBA /* Frameworks */,
			);
			sourceTree = "<group>";
		};
		CF5057971F5B288D0097B4A9 /* Products */ = {
			isa = PBXGroup;
			children = (
				CF5057961F5B288D0097B4A9 /* PinPos-Official.app */,
			);
			name = Products;
			sourceTree = "<group>";
		};
		CF5057981F5B288D0097B4A9 /* PinPos-Official */ = {
			isa = PBXGroup;
			children = (
				CF3039961F5B55EF00C1B7D7 /* Controllers */,
				CF3039951F5B55E400C1B7D7 /* Views */,
				CF3039941F5B55D600C1B7D7 /* Models */,
				CF5057991F5B288D0097B4A9 /* AppDelegate.swift */,
				CF50579D1F5B288D0097B4A9 /* Main.storyboard */,
				CF5057A31F5B288D0097B4A9 /* Assets.xcassets */,
				CF5057A51F5B288D0097B4A9 /* LaunchScreen.storyboard */,
				CF5057A81F5B288D0097B4A9 /* Info.plist */,
				CF5057A01F5B288D0097B4A9 /* PinPos_Official.xcdatamodeld */,
			);
			path = "PinPos-Official";
			sourceTree = "<group>";
		};
		D27F0E2142287F821FC53758 /* Pods */ = {
			isa = PBXGroup;
			children = (
				09802EBC46AA3FCA6F5F2C17 /* Pods-PinPos-Official.debug.xcconfig */,
				766BADC98C7FF13AD4B6704D /* Pods-PinPos-Official.release.xcconfig */,
			);
			name = Pods;
			sourceTree = "<group>";
		};
/* End PBXGroup section */

/* Begin PBXNativeTarget section */
		CF5057951F5B288D0097B4A9 /* PinPos-Official */ = {
			isa = PBXNativeTarget;
			buildConfigurationList = CF5057AB1F5B288D0097B4A9 /* Build configuration list for PBXNativeTarget "PinPos-Official" */;
			buildPhases = (
				426CEFE78A89FEEF619B3EB7 /* [CP] Check Pods Manifest.lock */,
				CF5057921F5B288D0097B4A9 /* Sources */,
				CF5057931F5B288D0097B4A9 /* Frameworks */,
				CF5057941F5B288D0097B4A9 /* Resources */,
				62289AC87FD2401AD1798B66 /* [CP] Embed Pods Frameworks */,
				ABFBA27C0C6B3FFC8B9304F1 /* [CP] Copy Pods Resources */,
			);
			buildRules = (
			);
			dependencies = (
			);
			name = "PinPos-Official";
			productName = "PinPos-Official";
			productReference = CF5057961F5B288D0097B4A9 /* PinPos-Official.app */;
			productType = "com.apple.product-type.application";
		};
/* End PBXNativeTarget section */

/* Begin PBXProject section */
		CF50578E1F5B288D0097B4A9 /* Project object */ = {
			isa = PBXProject;
			attributes = {
				LastSwiftUpdateCheck = 0830;
				LastUpgradeCheck = 0830;
				ORGANIZATIONNAME = "Zhilei Zheng";
				TargetAttributes = {
					CF5057951F5B288D0097B4A9 = {
						CreatedOnToolsVersion = 8.3.3;
						DevelopmentTeam = PL4U52EEV4;
						ProvisioningStyle = Automatic;
					};
				};
			};
			buildConfigurationList = CF5057911F5B288D0097B4A9 /* Build configuration list for PBXProject "PinPos-Official" */;
			compatibilityVersion = "Xcode 3.2";
			developmentRegion = English;
			hasScannedForEncodings = 0;
			knownRegions = (
				en,
				Base,
			);
			mainGroup = CF50578D1F5B288D0097B4A9;
			productRefGroup = CF5057971F5B288D0097B4A9 /* Products */;
			projectDirPath = "";
			projectRoot = "";
			targets = (
				CF5057951F5B288D0097B4A9 /* PinPos-Official */,
			);
		};
/* End PBXProject section */

/* Begin PBXResourcesBuildPhase section */
		CF5057941F5B288D0097B4A9 /* Resources */ = {
			isa = PBXResourcesBuildPhase;
			buildActionMask = 2147483647;
			files = (
				CF5057A71F5B288D0097B4A9 /* LaunchScreen.storyboard in Resources */,
				CF5057A41F5B288D0097B4A9 /* Assets.xcassets in Resources */,
				CF50579F1F5B288D0097B4A9 /* Main.storyboard in Resources */,
			);
			runOnlyForDeploymentPostprocessing = 0;
		};
/* End PBXResourcesBuildPhase section */

/* Begin PBXShellScriptBuildPhase section */
		426CEFE78A89FEEF619B3EB7 /* [CP] Check Pods Manifest.lock */ = {
			isa = PBXShellScriptBuildPhase;
			buildActionMask = 2147483647;
			files = (
			);
			inputPaths = (
				"${PODS_PODFILE_DIR_PATH}/Podfile.lock",
				"${PODS_ROOT}/Manifest.lock",
			);
			name = "[CP] Check Pods Manifest.lock";
			outputPaths = (
				"$(DERIVED_FILE_DIR)/Pods-PinPos-Official-checkManifestLockResult.txt",
			);
			runOnlyForDeploymentPostprocessing = 0;
			shellPath = /bin/sh;
			shellScript = "diff \"${PODS_PODFILE_DIR_PATH}/Podfile.lock\" \"${PODS_ROOT}/Manifest.lock\" > /dev/null\nif [ $? != 0 ] ; then\n    # print error to STDERR\n    echo \"error: The sandbox is not in sync with the Podfile.lock. Run 'pod install' or update your CocoaPods installation.\" >&2\n    exit 1\nfi\n# This output is used by Xcode 'outputs' to avoid re-running this script phase.\necho \"SUCCESS\" > \"${SCRIPT_OUTPUT_FILE_0}\"\n";
			showEnvVarsInLog = 0;
		};
		62289AC87FD2401AD1798B66 /* [CP] Embed Pods Frameworks */ = {
			isa = PBXShellScriptBuildPhase;
			buildActionMask = 2147483647;
			files = (
			);
			inputPaths = (
				"${SRCROOT}/Pods/Target Support Files/Pods-PinPos-Official/Pods-PinPos-Official-frameworks.sh",
				"${BUILT_PRODUCTS_DIR}/DZNEmptyDataSet/DZNEmptyDataSet.framework",
				"${BUILT_PRODUCTS_DIR}/Hue/Hue.framework",
				"${BUILT_PRODUCTS_DIR}/Realm/Realm.framework",
				"${BUILT_PRODUCTS_DIR}/RealmSwift/RealmSwift.framework",
				"${BUILT_PRODUCTS_DIR}/SnapKit/SnapKit.framework",
				"${BUILT_PRODUCTS_DIR}/SwiftIcons/SwiftIcons.framework",
				"${BUILT_PRODUCTS_DIR}/TextFieldEffects/TextFieldEffects.framework",
				"${BUILT_PRODUCTS_DIR}/Timepiece/Timepiece.framework",
			);
			name = "[CP] Embed Pods Frameworks";
			outputPaths = (
				"${TARGET_BUILD_DIR}/${FRAMEWORKS_FOLDER_PATH}/DZNEmptyDataSet.framework",
				"${TARGET_BUILD_DIR}/${FRAMEWORKS_FOLDER_PATH}/Hue.framework",
				"${TARGET_BUILD_DIR}/${FRAMEWORKS_FOLDER_PATH}/Realm.framework",
				"${TARGET_BUILD_DIR}/${FRAMEWORKS_FOLDER_PATH}/RealmSwift.framework",
				"${TARGET_BUILD_DIR}/${FRAMEWORKS_FOLDER_PATH}/SnapKit.framework",
				"${TARGET_BUILD_DIR}/${FRAMEWORKS_FOLDER_PATH}/SwiftIcons.framework",
				"${TARGET_BUILD_DIR}/${FRAMEWORKS_FOLDER_PATH}/TextFieldEffects.framework",
				"${TARGET_BUILD_DIR}/${FRAMEWORKS_FOLDER_PATH}/Timepiece.framework",
			);
			runOnlyForDeploymentPostprocessing = 0;
			shellPath = /bin/sh;
			shellScript = "\"${SRCROOT}/Pods/Target Support Files/Pods-PinPos-Official/Pods-PinPos-Official-frameworks.sh\"\n";
			showEnvVarsInLog = 0;
		};
		ABFBA27C0C6B3FFC8B9304F1 /* [CP] Copy Pods Resources */ = {
			isa = PBXShellScriptBuildPhase;
			buildActionMask = 2147483647;
			files = (
			);
			inputPaths = (
			);
			name = "[CP] Copy Pods Resources";
			outputPaths = (
			);
			runOnlyForDeploymentPostprocessing = 0;
			shellPath = /bin/sh;
			shellScript = "\"${SRCROOT}/Pods/Target Support Files/Pods-PinPos-Official/Pods-PinPos-Official-resources.sh\"\n";
			showEnvVarsInLog = 0;
		};
/* End PBXShellScriptBuildPhase section */

/* Begin PBXSourcesBuildPhase section */
		CF5057921F5B288D0097B4A9 /* Sources */ = {
			isa = PBXSourcesBuildPhase;
			buildActionMask = 2147483647;
			files = (
				CF50579C1F5B288D0097B4A9 /* MapVC.swift in Sources */,
				CFF563861F5B6F7D009376BD /* ListVC.swift in Sources */,
				CF5C23531F5CB437009D629B /* CategoryTableCell.swift in Sources */,
				CF3039981F5B561400C1B7D7 /* ChoiceView.swift in Sources */,
				CFF5638E1F5BABFB009376BD /* Place.swift in Sources */,
				CF5C23551F5CF065009D629B /* CategoryCollectionCell.swift in Sources */,
				CF5057A21F5B288D0097B4A9 /* PinPos_Official.xcdatamodeld in Sources */,
				CF50579A1F5B288D0097B4A9 /* AppDelegate.swift in Sources */,
				CFF5638A1F5B7749009376BD /* AddNewVC.swift in Sources */,
				CFF5638C1F5BABD9009376BD /* Category.swift in Sources */,
			);
			runOnlyForDeploymentPostprocessing = 0;
		};
/* End PBXSourcesBuildPhase section */

/* Begin PBXVariantGroup section */
		CF50579D1F5B288D0097B4A9 /* Main.storyboard */ = {
			isa = PBXVariantGroup;
			children = (
				CF50579E1F5B288D0097B4A9 /* Base */,
			);
			name = Main.storyboard;
			sourceTree = "<group>";
		};
		CF5057A51F5B288D0097B4A9 /* LaunchScreen.storyboard */ = {
			isa = PBXVariantGroup;
			children = (
				CF5057A61F5B288D0097B4A9 /* Base */,
			);
			name = LaunchScreen.storyboard;
			sourceTree = "<group>";
		};
/* End PBXVariantGroup section */

/* Begin XCBuildConfiguration section */
		CF5057A91F5B288D0097B4A9 /* Debug */ = {
			isa = XCBuildConfiguration;
			buildSettings = {
				ALWAYS_SEARCH_USER_PATHS = NO;
				CLANG_ANALYZER_NONNULL = YES;
				CLANG_ANALYZER_NUMBER_OBJECT_CONVERSION = YES_AGGRESSIVE;
				CLANG_CXX_LANGUAGE_STANDARD = "gnu++0x";
				CLANG_CXX_LIBRARY = "libc++";
				CLANG_ENABLE_MODULES = YES;
				CLANG_ENABLE_OBJC_ARC = YES;
				CLANG_WARN_BOOL_CONVERSION = YES;
				CLANG_WARN_CONSTANT_CONVERSION = YES;
				CLANG_WARN_DIRECT_OBJC_ISA_USAGE = YES_ERROR;
				CLANG_WARN_DOCUMENTATION_COMMENTS = YES;
				CLANG_WARN_EMPTY_BODY = YES;
				CLANG_WARN_ENUM_CONVERSION = YES;
				CLANG_WARN_INFINITE_RECURSION = YES;
				CLANG_WARN_INT_CONVERSION = YES;
				CLANG_WARN_OBJC_ROOT_CLASS = YES_ERROR;
				CLANG_WARN_SUSPICIOUS_MOVE = YES;
				CLANG_WARN_UNREACHABLE_CODE = YES;
				CLANG_WARN__DUPLICATE_METHOD_MATCH = YES;
				"CODE_SIGN_IDENTITY[sdk=iphoneos*]" = "iPhone Developer";
				COPY_PHASE_STRIP = NO;
				DEBUG_INFORMATION_FORMAT = dwarf;
				ENABLE_STRICT_OBJC_MSGSEND = YES;
				ENABLE_TESTABILITY = YES;
				GCC_C_LANGUAGE_STANDARD = gnu99;
				GCC_DYNAMIC_NO_PIC = NO;
				GCC_NO_COMMON_BLOCKS = YES;
				GCC_OPTIMIZATION_LEVEL = 0;
				GCC_PREPROCESSOR_DEFINITIONS = (
					"DEBUG=1",
					"$(inherited)",
				);
				GCC_WARN_64_TO_32_BIT_CONVERSION = YES;
				GCC_WARN_ABOUT_RETURN_TYPE = YES_ERROR;
				GCC_WARN_UNDECLARED_SELECTOR = YES;
				GCC_WARN_UNINITIALIZED_AUTOS = YES_AGGRESSIVE;
				GCC_WARN_UNUSED_FUNCTION = YES;
				GCC_WARN_UNUSED_VARIABLE = YES;
				IPHONEOS_DEPLOYMENT_TARGET = 10.3;
				MTL_ENABLE_DEBUG_INFO = YES;
				ONLY_ACTIVE_ARCH = YES;
				SDKROOT = iphoneos;
				SWIFT_ACTIVE_COMPILATION_CONDITIONS = DEBUG;
				SWIFT_OPTIMIZATION_LEVEL = "-Onone";
			};
			name = Debug;
		};
		CF5057AA1F5B288D0097B4A9 /* Release */ = {
			isa = XCBuildConfiguration;
			buildSettings = {
				ALWAYS_SEARCH_USER_PATHS = NO;
				CLANG_ANALYZER_NONNULL = YES;
				CLANG_ANALYZER_NUMBER_OBJECT_CONVERSION = YES_AGGRESSIVE;
				CLANG_CXX_LANGUAGE_STANDARD = "gnu++0x";
				CLANG_CXX_LIBRARY = "libc++";
				CLANG_ENABLE_MODULES = YES;
				CLANG_ENABLE_OBJC_ARC = YES;
				CLANG_WARN_BOOL_CONVERSION = YES;
				CLANG_WARN_CONSTANT_CONVERSION = YES;
				CLANG_WARN_DIRECT_OBJC_ISA_USAGE = YES_ERROR;
				CLANG_WARN_DOCUMENTATION_COMMENTS = YES;
				CLANG_WARN_EMPTY_BODY = YES;
				CLANG_WARN_ENUM_CONVERSION = YES;
				CLANG_WARN_INFINITE_RECURSION = YES;
				CLANG_WARN_INT_CONVERSION = YES;
				CLANG_WARN_OBJC_ROOT_CLASS = YES_ERROR;
				CLANG_WARN_SUSPICIOUS_MOVE = YES;
				CLANG_WARN_UNREACHABLE_CODE = YES;
				CLANG_WARN__DUPLICATE_METHOD_MATCH = YES;
				"CODE_SIGN_IDENTITY[sdk=iphoneos*]" = "iPhone Developer";
				COPY_PHASE_STRIP = NO;
				DEBUG_INFORMATION_FORMAT = "dwarf-with-dsym";
				ENABLE_NS_ASSERTIONS = NO;
				ENABLE_STRICT_OBJC_MSGSEND = YES;
				GCC_C_LANGUAGE_STANDARD = gnu99;
				GCC_NO_COMMON_BLOCKS = YES;
				GCC_WARN_64_TO_32_BIT_CONVERSION = YES;
				GCC_WARN_ABOUT_RETURN_TYPE = YES_ERROR;
				GCC_WARN_UNDECLARED_SELECTOR = YES;
				GCC_WARN_UNINITIALIZED_AUTOS = YES_AGGRESSIVE;
				GCC_WARN_UNUSED_FUNCTION = YES;
				GCC_WARN_UNUSED_VARIABLE = YES;
				IPHONEOS_DEPLOYMENT_TARGET = 10.3;
				MTL_ENABLE_DEBUG_INFO = NO;
				SDKROOT = iphoneos;
				SWIFT_OPTIMIZATION_LEVEL = "-Owholemodule";
				VALIDATE_PRODUCT = YES;
			};
			name = Release;
		};
		CF5057AC1F5B288D0097B4A9 /* Debug */ = {
			isa = XCBuildConfiguration;
			baseConfigurationReference = 09802EBC46AA3FCA6F5F2C17 /* Pods-PinPos-Official.debug.xcconfig */;
			buildSettings = {
				ASSETCATALOG_COMPILER_APPICON_NAME = AppIcon;
				DEVELOPMENT_TEAM = PL4U52EEV4;
				INFOPLIST_FILE = "PinPos-Official/Info.plist";
				LD_RUNPATH_SEARCH_PATHS = "$(inherited) @executable_path/Frameworks";
				PRODUCT_BUNDLE_IDENTIFIER = "com.zhileiz.PinPos-Official";
				PRODUCT_NAME = "$(TARGET_NAME)";
				SWIFT_VERSION = 3.0;
			};
			name = Debug;
		};
		CF5057AD1F5B288D0097B4A9 /* Release */ = {
			isa = XCBuildConfiguration;
			baseConfigurationReference = 766BADC98C7FF13AD4B6704D /* Pods-PinPos-Official.release.xcconfig */;
			buildSettings = {
				ASSETCATALOG_COMPILER_APPICON_NAME = AppIcon;
				DEVELOPMENT_TEAM = PL4U52EEV4;
				INFOPLIST_FILE = "PinPos-Official/Info.plist";
				LD_RUNPATH_SEARCH_PATHS = "$(inherited) @executable_path/Frameworks";
				PRODUCT_BUNDLE_IDENTIFIER = "com.zhileiz.PinPos-Official";
				PRODUCT_NAME = "$(TARGET_NAME)";
				SWIFT_VERSION = 3.0;
			};
			name = Release;
		};
/* End XCBuildConfiguration section */

/* Begin XCConfigurationList section */
		CF5057911F5B288D0097B4A9 /* Build configuration list for PBXProject "PinPos-Official" */ = {
			isa = XCConfigurationList;
			buildConfigurations = (
				CF5057A91F5B288D0097B4A9 /* Debug */,
				CF5057AA1F5B288D0097B4A9 /* Release */,
			);
			defaultConfigurationIsVisible = 0;
			defaultConfigurationName = Release;
		};
		CF5057AB1F5B288D0097B4A9 /* Build configuration list for PBXNativeTarget "PinPos-Official" */ = {
			isa = XCConfigurationList;
			buildConfigurations = (
				CF5057AC1F5B288D0097B4A9 /* Debug */,
				CF5057AD1F5B288D0097B4A9 /* Release */,
			);
			defaultConfigurationIsVisible = 0;
			defaultConfigurationName = Release;
		};
/* End XCConfigurationList section */

/* Begin XCVersionGroup section */
		CF5057A01F5B288D0097B4A9 /* PinPos_Official.xcdatamodeld */ = {
			isa = XCVersionGroup;
			children = (
				CF5057A11F5B288D0097B4A9 /* PinPos_Official.xcdatamodel */,
			);
			currentVersion = CF5057A11F5B288D0097B4A9 /* PinPos_Official.xcdatamodel */;
			path = PinPos_Official.xcdatamodeld;
			sourceTree = "<group>";
			versionGroupType = wrapper.xcdatamodel;
		};
/* End XCVersionGroup section */
	};
	rootObject = CF50578E1F5B288D0097B4A9 /* Project object */;
}
